
Microsoft Visual Studio Solution File, Format Version 12.00
# Visual Studio 15
VisualStudioVersion = 15.0.27428.2043
MinimumVisualStudioVersion = 10.0.40219.1
Project("{FAE04EC0-301F-11D3-BF4B-00C04F79EFBC}") = "WAJenkinsDemo", "WAJenkinsDemo\WAJenkinsDemo.csproj", "{FA642810-FF74-415C-9BF1-78E2C70F60F6}"
EndProject
Global
	GlobalSection(SolutionConfigurationPlatforms) = preSolution
		Debug|Any CPU = Debug|Any CPU
		Release|Any CPU = Release|Any CPU
	EndGlobalSection
	GlobalSection(ProjectConfigurationPlatforms) = postSolution
		{FA642810-FF74-415C-9BF1-78E2C70F60F6}.Debug|Any CPU.ActiveCfg = Debug|Any CPU
		{FA642810-FF74-415C-9BF1-78E2C70F60F6}.Debug|Any CPU.Build.0 = Debug|Any CPU
		{FA642810-FF74-415C-9BF1-78E2C70F60F6}.Release|Any CPU.ActiveCfg = Release|Any CPU
		{FA642810-FF74-415C-9BF1-78E2C70F60F6}.Release|Any CPU.Build.0 = Release|Any CPU
	EndGlobalSection
	GlobalSection(SolutionProperties) = preSolution
		HideSolutionNode = FALSE
	EndGlobalSection
	GlobalSection(ExtensibilityGlobals) = postSolution
		SolutionGuid = {336F6179-5469-481D-A41E-5FC42E92268A}
	EndGlobalSection
EndGlobal
